// !$*UTF8*$!
{
	archiveVersion = 1;
	classes = {
	};
	objectVersion = 56;
	objects = {

/* Begin PBXBuildFile section */
		744EEBE62A02F0EA009BEF5F /* ProSwiftUIPHApp.swift in Sources */ = {isa = PBXBuildFile; fileRef = 744EEBE52A02F0EA009BEF5F /* ProSwiftUIPHApp.swift */; };
		744EEBE82A02F0EA009BEF5F /* ContentView.swift in Sources */ = {isa = PBXBuildFile; fileRef = 744EEBE72A02F0EA009BEF5F /* ContentView.swift */; };
		744EEBEA2A02F0EC009BEF5F /* Assets.xcassets in Resources */ = {isa = PBXBuildFile; fileRef = 744EEBE92A02F0EC009BEF5F /* Assets.xcassets */; };
		744EEBED2A02F0EC009BEF5F /* Preview Assets.xcassets in Resources */ = {isa = PBXBuildFile; fileRef = 744EEBEC2A02F0EC009BEF5F /* Preview Assets.xcassets */; };
		744EEBF42A02F133009BEF5F /* LayoutNeutrality.swift in Sources */ = {isa = PBXBuildFile; fileRef = 744EEBF32A02F133009BEF5F /* LayoutNeutrality.swift */; };
		744EEBF62A02F7E1009BEF5F /* MultipleFrames.swift in Sources */ = {isa = PBXBuildFile; fileRef = 744EEBF52A02F7E1009BEF5F /* MultipleFrames.swift */; };
		744EEBF82A02F96C009BEF5F /* InsideTupleView.swift in Sources */ = {isa = PBXBuildFile; fileRef = 744EEBF72A02F96C009BEF5F /* InsideTupleView.swift */; };
		744EEBFA2A02FC64009BEF5F /* UnderstandingIdentity.swift in Sources */ = {isa = PBXBuildFile; fileRef = 744EEBF92A02FC64009BEF5F /* UnderstandingIdentity.swift */; };
		744EEBFD2A030267009BEF5F /* UITwo.swift in Sources */ = {isa = PBXBuildFile; fileRef = 744EEBFC2A030267009BEF5F /* UITwo.swift */; };
		744EEBFF2A045FD6009BEF5F /* IntentionallyDiscardingIdentity.swift in Sources */ = {isa = PBXBuildFile; fileRef = 744EEBFE2A045FD6009BEF5F /* IntentionallyDiscardingIdentity.swift */; };
		744EEC022A0462CC009BEF5F /* IDITwo.swift in Sources */ = {isa = PBXBuildFile; fileRef = 744EEC012A0462CC009BEF5F /* IDITwo.swift */; };
/* End PBXBuildFile section */

/* Begin PBXFileReference section */
		744EEBE22A02F0EA009BEF5F /* ProSwiftUIPH.app */ = {isa = PBXFileReference; explicitFileType = wrapper.application; includeInIndex = 0; path = ProSwiftUIPH.app; sourceTree = BUILT_PRODUCTS_DIR; };
		744EEBE52A02F0EA009BEF5F /* ProSwiftUIPHApp.swift */ = {isa = PBXFileReference; lastKnownFileType = sourcecode.swift; path = ProSwiftUIPHApp.swift; sourceTree = "<group>"; };
		744EEBE72A02F0EA009BEF5F /* ContentView.swift */ = {isa = PBXFileReference; lastKnownFileType = sourcecode.swift; path = ContentView.swift; sourceTree = "<group>"; };
		744EEBE92A02F0EC009BEF5F /* Assets.xcassets */ = {isa = PBXFileReference; lastKnownFileType = folder.assetcatalog; path = Assets.xcassets; sourceTree = "<group>"; };
		744EEBEC2A02F0EC009BEF5F /* Preview Assets.xcassets */ = {isa = PBXFileReference; lastKnownFileType = folder.assetcatalog; path = "Preview Assets.xcassets"; sourceTree = "<group>"; };
		744EEBF32A02F133009BEF5F /* LayoutNeutrality.swift */ = {isa = PBXFileReference; lastKnownFileType = sourcecode.swift; path = LayoutNeutrality.swift; sourceTree = "<group>"; };
		744EEBF52A02F7E1009BEF5F /* MultipleFrames.swift */ = {isa = PBXFileReference; lastKnownFileType = sourcecode.swift; path = MultipleFrames.swift; sourceTree = "<group>"; };
		744EEBF72A02F96C009BEF5F /* InsideTupleView.swift */ = {isa = PBXFileReference; lastKnownFileType = sourcecode.swift; path = InsideTupleView.swift; sourceTree = "<group>"; };
		744EEBF92A02FC64009BEF5F /* UnderstandingIdentity.swift */ = {isa = PBXFileReference; lastKnownFileType = sourcecode.swift; path = UnderstandingIdentity.swift; sourceTree = "<group>"; };
		744EEBFC2A030267009BEF5F /* UITwo.swift */ = {isa = PBXFileReference; lastKnownFileType = sourcecode.swift; path = UITwo.swift; sourceTree = "<group>"; };
		744EEBFE2A045FD6009BEF5F /* IntentionallyDiscardingIdentity.swift */ = {isa = PBXFileReference; lastKnownFileType = sourcecode.swift; path = IntentionallyDiscardingIdentity.swift; sourceTree = "<group>"; };
		744EEC012A0462CC009BEF5F /* IDITwo.swift */ = {isa = PBXFileReference; lastKnownFileType = sourcecode.swift; path = IDITwo.swift; sourceTree = "<group>"; };
/* End PBXFileReference section */

/* Begin PBXFrameworksBuildPhase section */
		744EEBDF2A02F0EA009BEF5F /* Frameworks */ = {
			isa = PBXFrameworksBuildPhase;
			buildActionMask = 2147483647;
			files = (
			);
			runOnlyForDeploymentPostprocessing = 0;
		};
/* End PBXFrameworksBuildPhase section */

/* Begin PBXGroup section */
		744EEBD92A02F0EA009BEF5F = {
			isa = PBXGroup;
			children = (
				744EEBE42A02F0EA009BEF5F /* ProSwiftUIPH */,
				744EEBE32A02F0EA009BEF5F /* Products */,
			);
			sourceTree = "<group>";
		};
		744EEBE32A02F0EA009BEF5F /* Products */ = {
			isa = PBXGroup;
			children = (
				744EEBE22A02F0EA009BEF5F /* ProSwiftUIPH.app */,
			);
			name = Products;
			sourceTree = "<group>";
		};
		744EEBE42A02F0EA009BEF5F /* ProSwiftUIPH */ = {
			isa = PBXGroup;
			children = (
				744EEBE52A02F0EA009BEF5F /* ProSwiftUIPHApp.swift */,
				744EEBE72A02F0EA009BEF5F /* ContentView.swift */,
				744EEBF32A02F133009BEF5F /* LayoutNeutrality.swift */,
				744EEBF52A02F7E1009BEF5F /* MultipleFrames.swift */,
				744EEBF72A02F96C009BEF5F /* InsideTupleView.swift */,
				744EEBFB2A03024C009BEF5F /* UnderstandingIdentityExamples */,
				744EEC002A0462A5009BEF5F /* IntentionallyDiscardingIdentityExamples */,
				744EEBE92A02F0EC009BEF5F /* Assets.xcassets */,
				744EEBEB2A02F0EC009BEF5F /* Preview Content */,
			);
			path = ProSwiftUIPH;
			sourceTree = "<group>";
		};
		744EEBEB2A02F0EC009BEF5F /* Preview Content */ = {
			isa = PBXGroup;
			children = (
				744EEBEC2A02F0EC009BEF5F /* Preview Assets.xcassets */,
			);
			path = "Preview Content";
			sourceTree = "<group>";
		};
		744EEBFB2A03024C009BEF5F /* UnderstandingIdentityExamples */ = {
			isa = PBXGroup;
			children = (
				744EEBF92A02FC64009BEF5F /* UnderstandingIdentity.swift */,
				744EEBFC2A030267009BEF5F /* UITwo.swift */,
			);
			path = UnderstandingIdentityExamples;
			sourceTree = "<group>";
		};
		744EEC002A0462A5009BEF5F /* IntentionallyDiscardingIdentityExamples */ = {
			isa = PBXGroup;
			children = (
				744EEBFE2A045FD6009BEF5F /* IntentionallyDiscardingIdentity.swift */,
				744EEC012A0462CC009BEF5F /* IDITwo.swift */,
			);
			path = IntentionallyDiscardingIdentityExamples;
			sourceTree = "<group>";
		};
/* End PBXGroup section */

/* Begin PBXNativeTarget section */
		744EEBE12A02F0EA009BEF5F /* ProSwiftUIPH */ = {
			isa = PBXNativeTarget;
			buildConfigurationList = 744EEBF02A02F0EC009BEF5F /* Build configuration list for PBXNativeTarget "ProSwiftUIPH" */;
			buildPhases = (
				744EEBDE2A02F0EA009BEF5F /* Sources */,
				744EEBDF2A02F0EA009BEF5F /* Frameworks */,
				744EEBE02A02F0EA009BEF5F /* Resources */,
			);
			buildRules = (
			);
			dependencies = (
			);
			name = ProSwiftUIPH;
			productName = ProSwiftUIPH;
			productReference = 744EEBE22A02F0EA009BEF5F /* ProSwiftUIPH.app */;
			productType = "com.apple.product-type.application";
		};
/* End PBXNativeTarget section */

/* Begin PBXProject section */
		744EEBDA2A02F0EA009BEF5F /* Project object */ = {
			isa = PBXProject;
			attributes = {
				BuildIndependentTargetsInParallel = 1;
				LastSwiftUpdateCheck = 1430;
				LastUpgradeCheck = 1430;
				TargetAttributes = {
					744EEBE12A02F0EA009BEF5F = {
						CreatedOnToolsVersion = 14.3;
					};
				};
			};
			buildConfigurationList = 744EEBDD2A02F0EA009BEF5F /* Build configuration list for PBXProject "ProSwiftUIPH" */;
			compatibilityVersion = "Xcode 14.0";
			developmentRegion = en;
			hasScannedForEncodings = 0;
			knownRegions = (
				en,
				Base,
			);
			mainGroup = 744EEBD92A02F0EA009BEF5F;
			productRefGroup = 744EEBE32A02F0EA009BEF5F /* Products */;
			projectDirPath = "";
			projectRoot = "";
			targets = (
				744EEBE12A02F0EA009BEF5F /* ProSwiftUIPH */,
			);
		};
/* End PBXProject section */

/* Begin PBXResourcesBuildPhase section */
		744EEBE02A02F0EA009BEF5F /* Resources */ = {
			isa = PBXResourcesBuildPhase;
			buildActionMask = 2147483647;
			files = (
				744EEBED2A02F0EC009BEF5F /* Preview Assets.xcassets in Resources */,
				744EEBEA2A02F0EC009BEF5F /* Assets.xcassets in Resources */,
			);
			runOnlyForDeploymentPostprocessing = 0;
		};
/* End PBXResourcesBuildPhase section */

/* Begin PBXSourcesBuildPhase section */
		744EEBDE2A02F0EA009BEF5F /* Sources */ = {
			isa = PBXSourcesBuildPhase;
			buildActionMask = 2147483647;
			files = (
				744EEBE82A02F0EA009BEF5F /* ContentView.swift in Sources */,
				744EEBF62A02F7E1009BEF5F /* MultipleFrames.swift in Sources */,
				744EEBF82A02F96C009BEF5F /* InsideTupleView.swift in Sources */,
				744EEBF42A02F133009BEF5F /* LayoutNeutrality.swift in Sources */,
				744EEC022A0462CC009BEF5F /* IDITwo.swift in Sources */,
				744EEBFF2A045FD6009BEF5F /* IntentionallyDiscardingIdentity.swift in Sources */,
				744EEBFA2A02FC64009BEF5F /* UnderstandingIdentity.swift in Sources */,
				744EEBFD2A030267009BEF5F /* UITwo.swift in Sources */,
				744EEBE62A02F0EA009BEF5F /* ProSwiftUIPHApp.swift in Sources */,
			);
			runOnlyForDeploymentPostprocessing = 0;
		};
/* End PBXSourcesBuildPhase section */

/* Begin XCBuildConfiguration section */
		744EEBEE2A02F0EC009BEF5F /* Debug */ = {
			isa = XCBuildConfiguration;
			buildSettings = {
				ALWAYS_SEARCH_USER_PATHS = NO;
				CLANG_ANALYZER_NONNULL = YES;
				CLANG_ANALYZER_NUMBER_OBJECT_CONVERSION = YES_AGGRESSIVE;
				CLANG_CXX_LANGUAGE_STANDARD = "gnu++20";
				CLANG_ENABLE_MODULES = YES;
				CLANG_ENABLE_OBJC_ARC = YES;
				CLANG_ENABLE_OBJC_WEAK = YES;
				CLANG_WARN_BLOCK_CAPTURE_AUTORELEASING = YES;
				CLANG_WARN_BOOL_CONVERSION = YES;
				CLANG_WARN_COMMA = YES;
				CLANG_WARN_CONSTANT_CONVERSION = YES;
				CLANG_WARN_DEPRECATED_OBJC_IMPLEMENTATIONS = YES;
				CLANG_WARN_DIRECT_OBJC_ISA_USAGE = YES_ERROR;
				CLANG_WARN_DOCUMENTATION_COMMENTS = YES;
				CLANG_WARN_EMPTY_BODY = YES;
				CLANG_WARN_ENUM_CONVERSION = YES;
				CLANG_WARN_INFINITE_RECURSION = YES;
				CLANG_WARN_INT_CONVERSION = YES;
				CLANG_WARN_NON_LITERAL_NULL_CONVERSION = YES;
				CLANG_WARN_OBJC_IMPLICIT_RETAIN_SELF = YES;
				CLANG_WARN_OBJC_LITERAL_CONVERSION = YES;
				CLANG_WARN_OBJC_ROOT_CLASS = YES_ERROR;
				CLANG_WARN_QUOTED_INCLUDE_IN_FRAMEWORK_HEADER = YES;
				CLANG_WARN_RANGE_LOOP_ANALYSIS = YES;
				CLANG_WARN_STRICT_PROTOTYPES = YES;
				CLANG_WARN_SUSPICIOUS_MOVE = YES;
				CLANG_WARN_UNGUARDED_AVAILABILITY = YES_AGGRESSIVE;
				CLANG_WARN_UNREACHABLE_CODE = YES;
				CLANG_WARN__DUPLICATE_METHOD_MATCH = YES;
				COPY_PHASE_STRIP = NO;
				DEBUG_INFORMATION_FORMAT = dwarf;
				ENABLE_STRICT_OBJC_MSGSEND = YES;
				ENABLE_TESTABILITY = YES;
				GCC_C_LANGUAGE_STANDARD = gnu11;
				GCC_DYNAMIC_NO_PIC = NO;
				GCC_NO_COMMON_BLOCKS = YES;
				GCC_OPTIMIZATION_LEVEL = 0;
				GCC_PREPROCESSOR_DEFINITIONS = (
					"DEBUG=1",
					"$(inherited)",
				);
				GCC_WARN_64_TO_32_BIT_CONVERSION = YES;
				GCC_WARN_ABOUT_RETURN_TYPE = YES_ERROR;
				GCC_WARN_UNDECLARED_SELECTOR = YES;
				GCC_WARN_UNINITIALIZED_AUTOS = YES_AGGRESSIVE;
				GCC_WARN_UNUSED_FUNCTION = YES;
				GCC_WARN_UNUSED_VARIABLE = YES;
				IPHONEOS_DEPLOYMENT_TARGET = 16.4;
				MTL_ENABLE_DEBUG_INFO = INCLUDE_SOURCE;
				MTL_FAST_MATH = YES;
				ONLY_ACTIVE_ARCH = YES;
				SDKROOT = iphoneos;
				SWIFT_ACTIVE_COMPILATION_CONDITIONS = DEBUG;
				SWIFT_OPTIMIZATION_LEVEL = "-Onone";
			};
			name = Debug;
		};
		744EEBEF2A02F0EC009BEF5F /* Release */ = {
			isa = XCBuildConfiguration;
			buildSettings = {
				ALWAYS_SEARCH_USER_PATHS = NO;
				CLANG_ANALYZER_NONNULL = YES;
				CLANG_ANALYZER_NUMBER_OBJECT_CONVERSION = YES_AGGRESSIVE;
				CLANG_CXX_LANGUAGE_STANDARD = "gnu++20";
				CLANG_ENABLE_MODULES = YES;
				CLANG_ENABLE_OBJC_ARC = YES;
				CLANG_ENABLE_OBJC_WEAK = YES;
				CLANG_WARN_BLOCK_CAPTURE_AUTORELEASING = YES;
				CLANG_WARN_BOOL_CONVERSION = YES;
				CLANG_WARN_COMMA = YES;
				CLANG_WARN_CONSTANT_CONVERSION = YES;
				CLANG_WARN_DEPRECATED_OBJC_IMPLEMENTATIONS = YES;
				CLANG_WARN_DIRECT_OBJC_ISA_USAGE = YES_ERROR;
				CLANG_WARN_DOCUMENTATION_COMMENTS = YES;
				CLANG_WARN_EMPTY_BODY = YES;
				CLANG_WARN_ENUM_CONVERSION = YES;
				CLANG_WARN_INFINITE_RECURSION = YES;
				CLANG_WARN_INT_CONVERSION = YES;
				CLANG_WARN_NON_LITERAL_NULL_CONVERSION = YES;
				CLANG_WARN_OBJC_IMPLICIT_RETAIN_SELF = YES;
				CLANG_WARN_OBJC_LITERAL_CONVERSION = YES;
				CLANG_WARN_OBJC_ROOT_CLASS = YES_ERROR;
				CLANG_WARN_QUOTED_INCLUDE_IN_FRAMEWORK_HEADER = YES;
				CLANG_WARN_RANGE_LOOP_ANALYSIS = YES;
				CLANG_WARN_STRICT_PROTOTYPES = YES;
				CLANG_WARN_SUSPICIOUS_MOVE = YES;
				CLANG_WARN_UNGUARDED_AVAILABILITY = YES_AGGRESSIVE;
				CLANG_WARN_UNREACHABLE_CODE = YES;
				CLANG_WARN__DUPLICATE_METHOD_MATCH = YES;
				COPY_PHASE_STRIP = NO;
				DEBUG_INFORMATION_FORMAT = "dwarf-with-dsym";
				ENABLE_NS_ASSERTIONS = NO;
				ENABLE_STRICT_OBJC_MSGSEND = YES;
				GCC_C_LANGUAGE_STANDARD = gnu11;
				GCC_NO_COMMON_BLOCKS = YES;
				GCC_WARN_64_TO_32_BIT_CONVERSION = YES;
				GCC_WARN_ABOUT_RETURN_TYPE = YES_ERROR;
				GCC_WARN_UNDECLARED_SELECTOR = YES;
				GCC_WARN_UNINITIALIZED_AUTOS = YES_AGGRESSIVE;
				GCC_WARN_UNUSED_FUNCTION = YES;
				GCC_WARN_UNUSED_VARIABLE = YES;
				IPHONEOS_DEPLOYMENT_TARGET = 16.4;
				MTL_ENABLE_DEBUG_INFO = NO;
				MTL_FAST_MATH = YES;
				SDKROOT = iphoneos;
				SWIFT_COMPILATION_MODE = wholemodule;
				SWIFT_OPTIMIZATION_LEVEL = "-O";
				VALIDATE_PRODUCT = YES;
			};
			name = Release;
		};
		744EEBF12A02F0EC009BEF5F /* Debug */ = {
			isa = XCBuildConfiguration;
			buildSettings = {
				ASSETCATALOG_COMPILER_APPICON_NAME = AppIcon;
				ASSETCATALOG_COMPILER_GLOBAL_ACCENT_COLOR_NAME = AccentColor;
				CODE_SIGN_STYLE = Automatic;
				CURRENT_PROJECT_VERSION = 1;
				DEVELOPMENT_ASSET_PATHS = "\"ProSwiftUIPH/Preview Content\"";
				DEVELOPMENT_TEAM = 4A45YWS7LC;
				ENABLE_PREVIEWS = YES;
				GENERATE_INFOPLIST_FILE = YES;
				INFOPLIST_KEY_UIApplicationSceneManifest_Generation = YES;
				INFOPLIST_KEY_UIApplicationSupportsIndirectInputEvents = YES;
				INFOPLIST_KEY_UILaunchScreen_Generation = YES;
				INFOPLIST_KEY_UISupportedInterfaceOrientations_iPad = "UIInterfaceOrientationPortrait UIInterfaceOrientationPortraitUpsideDown UIInterfaceOrientationLandscapeLeft UIInterfaceOrientationLandscapeRight";
				INFOPLIST_KEY_UISupportedInterfaceOrientations_iPhone = "UIInterfaceOrientationPortrait UIInterfaceOrientationLandscapeLeft UIInterfaceOrientationLandscapeRight";
				LD_RUNPATH_SEARCH_PATHS = (
					"$(inherited)",
					"@executable_path/Frameworks",
				);
				MARKETING_VERSION = 1.0;
				PRODUCT_BUNDLE_IDENTIFIER = com.ProSwiftUIPH;
				PRODUCT_NAME = "$(TARGET_NAME)";
				SWIFT_EMIT_LOC_STRINGS = YES;
				SWIFT_VERSION = 5.0;
				TARGETED_DEVICE_FAMILY = "1,2";
			};
			name = Debug;
		};
		744EEBF22A02F0EC009BEF5F /* Release */ = {
			isa = XCBuildConfiguration;
			buildSettings = {
				ASSETCATALOG_COMPILER_APPICON_NAME = AppIcon;
				ASSETCATALOG_COMPILER_GLOBAL_ACCENT_COLOR_NAME = AccentColor;
				CODE_SIGN_STYLE = Automatic;
				CURRENT_PROJECT_VERSION = 1;
				DEVELOPMENT_ASSET_PATHS = "\"ProSwiftUIPH/Preview Content\"";
				DEVELOPMENT_TEAM = 4A45YWS7LC;
				ENABLE_PREVIEWS = YES;
				GENERATE_INFOPLIST_FILE = YES;
				INFOPLIST_KEY_UIApplicationSceneManifest_Generation = YES;
				INFOPLIST_KEY_UIApplicationSupportsIndirectInputEvents = YES;
				INFOPLIST_KEY_UILaunchScreen_Generation = YES;
				INFOPLIST_KEY_UISupportedInterfaceOrientations_iPad = "UIInterfaceOrientationPortrait UIInterfaceOrientationPortraitUpsideDown UIInterfaceOrientationLandscapeLeft UIInterfaceOrientationLandscapeRight";
				INFOPLIST_KEY_UISupportedInterfaceOrientations_iPhone = "UIInterfaceOrientationPortrait UIInterfaceOrientationLandscapeLeft UIInterfaceOrientationLandscapeRight";
				LD_RUNPATH_SEARCH_PATHS = (
					"$(inherited)",
					"@executable_path/Frameworks",
				);
				MARKETING_VERSION = 1.0;
				PRODUCT_BUNDLE_IDENTIFIER = com.ProSwiftUIPH;
				PRODUCT_NAME = "$(TARGET_NAME)";
				SWIFT_EMIT_LOC_STRINGS = YES;
				SWIFT_VERSION = 5.0;
				TARGETED_DEVICE_FAMILY = "1,2";
			};
			name = Release;
		};
/* End XCBuildConfiguration section */

/* Begin XCConfigurationList section */
		744EEBDD2A02F0EA009BEF5F /* Build configuration list for PBXProject "ProSwiftUIPH" */ = {
			isa = XCConfigurationList;
			buildConfigurations = (
				744EEBEE2A02F0EC009BEF5F /* Debug */,
				744EEBEF2A02F0EC009BEF5F /* Release */,
			);
			defaultConfigurationIsVisible = 0;
			defaultConfigurationName = Release;
		};
		744EEBF02A02F0EC009BEF5F /* Build configuration list for PBXNativeTarget "ProSwiftUIPH" */ = {
			isa = XCConfigurationList;
			buildConfigurations = (
				744EEBF12A02F0EC009BEF5F /* Debug */,
				744EEBF22A02F0EC009BEF5F /* Release */,
			);
			defaultConfigurationIsVisible = 0;
			defaultConfigurationName = Release;
		};
/* End XCConfigurationList section */
	};
	rootObject = 744EEBDA2A02F0EA009BEF5F /* Project object */;
}
